
Microsoft Visual Studio Solution File, Format Version 12.00
# Visual Studio 15
VisualStudioVersion = 15.0.28307.329
MinimumVisualStudioVersion = 10.0.40219.1
Project("{FAE04EC0-301F-11D3-BF4B-00C04F79EFBC}") = "HackRF", "HackRF\HackRF.csproj", "{ED67AA81-BF0D-46FD-9A79-291C2A377BDF}"
EndProject
Project("{FAE04EC0-301F-11D3-BF4B-00C04F79EFBC}") = "HackView", "HackView\HackView.csproj", "{D5CE9DA2-A3DC-4E56-873F-94E6140F42F0}"
EndProject
Global
	GlobalSection(SolutionConfigurationPlatforms) = preSolution
		Debug|Any CPU = Debug|Any CPU
		Release|Any CPU = Release|Any CPU
	EndGlobalSection
	GlobalSection(ProjectConfigurationPlatforms) = postSolution
		{ED67AA81-BF0D-46FD-9A79-291C2A377BDF}.Debug|Any CPU.ActiveCfg = Debug|Any CPU
		{ED67AA81-BF0D-46FD-9A79-291C2A377BDF}.Debug|Any CPU.Build.0 = Debug|Any CPU
		{ED67AA81-BF0D-46FD-9A79-291C2A377BDF}.Release|Any CPU.ActiveCfg = Release|Any CPU
		{ED67AA81-BF0D-46FD-9A79-291C2A377BDF}.Release|Any CPU.Build.0 = Release|Any CPU
		{D5CE9DA2-A3DC-4E56-873F-94E6140F42F0}.Debug|Any CPU.ActiveCfg = Debug|Any CPU
		{D5CE9DA2-A3DC-4E56-873F-94E6140F42F0}.Debug|Any CPU.Build.0 = Debug|Any CPU
		{D5CE9DA2-A3DC-4E56-873F-94E6140F42F0}.Release|Any CPU.ActiveCfg = Release|Any CPU
		{D5CE9DA2-A3DC-4E56-873F-94E6140F42F0}.Release|Any CPU.Build.0 = Release|Any CPU
	EndGlobalSection
	GlobalSection(SolutionProperties) = preSolution
		HideSolutionNode = FALSE
	EndGlobalSection
	GlobalSection(ExtensibilityGlobals) = postSolution
		SolutionGuid = {84C02726-4029-4219-8C01-49F115E03E57}
	EndGlobalSection
EndGlobal
